
Microsoft Visual Studio Solution File, Format Version 12.00
# Visual Studio Version 17
VisualStudioVersion = 17.9.34902.65
MinimumVisualStudioVersion = 10.0.40219.1
Project("{9A19103F-16F7-4668-BE54-9A1E7A4F7556}") = "ToDoApp.DataAccess", "ToDoApp.DataAccess\ToDoApp.DataAccess.csproj", "{134716B0-F044-4A45-8183-03A4338B8A88}"
EndProject
Project("{9A19103F-16F7-4668-BE54-9A1E7A4F7556}") = "ToDoApp.Domain", "ToDoApp.Domain\ToDoApp.Domain.csproj", "{A8EC0F8D-71A5-4919-A419-947F2244A1B1}"
EndProject
Project("{9A19103F-16F7-4668-BE54-9A1E7A4F7556}") = "ToDoApp.Logic", "ToDoApp.Logic\ToDoApp.Logic.csproj", "{06503E81-2146-4461-A951-918D0F0EB268}"
EndProject
Project("{9A19103F-16F7-4668-BE54-9A1E7A4F7556}") = "ToDoApp.Web.Api", "ToDoApp.Web.Api\ToDoApp.Web.Api.csproj", "{0D5F2A45-76A6-47B4-B40C-A590B13097D6}"
EndProject
Global
	GlobalSection(SolutionConfigurationPlatforms) = preSolution
		Debug|Any CPU = Debug|Any CPU
		Release|Any CPU = Release|Any CPU
	EndGlobalSection
	GlobalSection(ProjectConfigurationPlatforms) = postSolution
		{134716B0-F044-4A45-8183-03A4338B8A88}.Debug|Any CPU.ActiveCfg = Debug|Any CPU
		{134716B0-F044-4A45-8183-03A4338B8A88}.Debug|Any CPU.Build.0 = Debug|Any CPU
		{134716B0-F044-4A45-8183-03A4338B8A88}.Release|Any CPU.ActiveCfg = Release|Any CPU
		{134716B0-F044-4A45-8183-03A4338B8A88}.Release|Any CPU.Build.0 = Release|Any CPU
		{A8EC0F8D-71A5-4919-A419-947F2244A1B1}.Debug|Any CPU.ActiveCfg = Debug|Any CPU
		{A8EC0F8D-71A5-4919-A419-947F2244A1B1}.Debug|Any CPU.Build.0 = Debug|Any CPU
		{A8EC0F8D-71A5-4919-A419-947F2244A1B1}.Release|Any CPU.ActiveCfg = Release|Any CPU
		{A8EC0F8D-71A5-4919-A419-947F2244A1B1}.Release|Any CPU.Build.0 = Release|Any CPU
		{06503E81-2146-4461-A951-918D0F0EB268}.Debug|Any CPU.ActiveCfg = Debug|Any CPU
		{06503E81-2146-4461-A951-918D0F0EB268}.Debug|Any CPU.Build.0 = Debug|Any CPU
		{06503E81-2146-4461-A951-918D0F0EB268}.Release|Any CPU.ActiveCfg = Release|Any CPU
		{06503E81-2146-4461-A951-918D0F0EB268}.Release|Any CPU.Build.0 = Release|Any CPU
		{0D5F2A45-76A6-47B4-B40C-A590B13097D6}.Debug|Any CPU.ActiveCfg = Debug|Any CPU
		{0D5F2A45-76A6-47B4-B40C-A590B13097D6}.Debug|Any CPU.Build.0 = Debug|Any CPU
		{0D5F2A45-76A6-47B4-B40C-A590B13097D6}.Release|Any CPU.ActiveCfg = Release|Any CPU
		{0D5F2A45-76A6-47B4-B40C-A590B13097D6}.Release|Any CPU.Build.0 = Release|Any CPU
	EndGlobalSection
	GlobalSection(SolutionProperties) = preSolution
		HideSolutionNode = FALSE
	EndGlobalSection
	GlobalSection(ExtensibilityGlobals) = postSolution
		SolutionGuid = {A7B99DC0-AE94-4B0E-81EB-6F45EE8E0606}
	EndGlobalSection
EndGlobal
